
Microsoft Visual Studio Solution File, Format Version 11.00
# Visual Studio 2010
Project("{54435603-DBB4-11D2-8724-00A0C9A8B90C}") = "Setup1", "Setup1\Setup1.vdproj", "{7C6B44D7-CAF5-4100-8421-5EF1D95EC0CE}"
EndProject
Global
	GlobalSection(SolutionConfigurationPlatforms) = preSolution
		Debug|Default = Debug|Default
		Release|Default = Release|Default
	EndGlobalSection
	GlobalSection(ProjectConfigurationPlatforms) = postSolution
		{7C6B44D7-CAF5-4100-8421-5EF1D95EC0CE}.Debug|Default.ActiveCfg = Debug
		{7C6B44D7-CAF5-4100-8421-5EF1D95EC0CE}.Debug|Default.Build.0 = Debug
		{7C6B44D7-CAF5-4100-8421-5EF1D95EC0CE}.Release|Default.ActiveCfg = Release
		{7C6B44D7-CAF5-4100-8421-5EF1D95EC0CE}.Release|Default.Build.0 = Release
	EndGlobalSection
	GlobalSection(SolutionProperties) = preSolution
		HideSolutionNode = FALSE
	EndGlobalSection
EndGlobal
